// !$*UTF8*$!
{
	archiveVersion = 1;
	classes = {
	};
	objectVersion = 56;
	objects = {

/* Begin PBXBuildFile section */
		B936CA96298950220048927C /* AppDelegate.swift in Sources */ = {isa = PBXBuildFile; fileRef = B936CA95298950220048927C /* AppDelegate.swift */; };
		B936CA98298950220048927C /* SceneDelegate.swift in Sources */ = {isa = PBXBuildFile; fileRef = B936CA97298950220048927C /* SceneDelegate.swift */; };
		B936CA9A298950220048927C /* ViewController.swift in Sources */ = {isa = PBXBuildFile; fileRef = B936CA99298950220048927C /* ViewController.swift */; };
		B936CA9F298950230048927C /* Assets.xcassets in Resources */ = {isa = PBXBuildFile; fileRef = B936CA9E298950230048927C /* Assets.xcassets */; };
		B936CAA2298950230048927C /* LaunchScreen.storyboard in Resources */ = {isa = PBXBuildFile; fileRef = B936CAA0298950230048927C /* LaunchScreen.storyboard */; };
		B936CAAD298953AB0048927C /* QuoteView.swift in Sources */ = {isa = PBXBuildFile; fileRef = B936CAAC298953AB0048927C /* QuoteView.swift */; };
		B936CAAF298953BA0048927C /* QuoteModel.swift in Sources */ = {isa = PBXBuildFile; fileRef = B936CAAE298953BA0048927C /* QuoteModel.swift */; };
		B936CAB2298954A10048927C /* API.swift in Sources */ = {isa = PBXBuildFile; fileRef = B936CAB1298954A10048927C /* API.swift */; };
/* End PBXBuildFile section */

/* Begin PBXFileReference section */
		B936CA92298950220048927C /* MVCQuoteExample.app */ = {isa = PBXFileReference; explicitFileType = wrapper.application; includeInIndex = 0; path = MVCQuoteExample.app; sourceTree = BUILT_PRODUCTS_DIR; };
		B936CA95298950220048927C /* AppDelegate.swift */ = {isa = PBXFileReference; lastKnownFileType = sourcecode.swift; path = AppDelegate.swift; sourceTree = "<group>"; };
		B936CA97298950220048927C /* SceneDelegate.swift */ = {isa = PBXFileReference; lastKnownFileType = sourcecode.swift; path = SceneDelegate.swift; sourceTree = "<group>"; };
		B936CA99298950220048927C /* ViewController.swift */ = {isa = PBXFileReference; lastKnownFileType = sourcecode.swift; path = ViewController.swift; sourceTree = "<group>"; };
		B936CA9E298950230048927C /* Assets.xcassets */ = {isa = PBXFileReference; lastKnownFileType = folder.assetcatalog; path = Assets.xcassets; sourceTree = "<group>"; };
		B936CAA1298950230048927C /* Base */ = {isa = PBXFileReference; lastKnownFileType = file.storyboard; name = Base; path = Base.lproj/LaunchScreen.storyboard; sourceTree = "<group>"; };
		B936CAA3298950230048927C /* Info.plist */ = {isa = PBXFileReference; lastKnownFileType = text.plist.xml; path = Info.plist; sourceTree = "<group>"; };
		B936CAAC298953AB0048927C /* QuoteView.swift */ = {isa = PBXFileReference; lastKnownFileType = sourcecode.swift; path = QuoteView.swift; sourceTree = "<group>"; };
		B936CAAE298953BA0048927C /* QuoteModel.swift */ = {isa = PBXFileReference; lastKnownFileType = sourcecode.swift; path = QuoteModel.swift; sourceTree = "<group>"; };
		B936CAB1298954A10048927C /* API.swift */ = {isa = PBXFileReference; lastKnownFileType = sourcecode.swift; path = API.swift; sourceTree = "<group>"; };
/* End PBXFileReference section */

/* Begin PBXFrameworksBuildPhase section */
		B936CA8F298950220048927C /* Frameworks */ = {
			isa = PBXFrameworksBuildPhase;
			buildActionMask = 2147483647;
			files = (
			);
			runOnlyForDeploymentPostprocessing = 0;
		};
/* End PBXFrameworksBuildPhase section */

/* Begin PBXGroup section */
		B936CA89298950220048927C = {
			isa = PBXGroup;
			children = (
				B936CA94298950220048927C /* MVCQuoteExample */,
				B936CA93298950220048927C /* Products */,
			);
			sourceTree = "<group>";
		};
		B936CA93298950220048927C /* Products */ = {
			isa = PBXGroup;
			children = (
				B936CA92298950220048927C /* MVCQuoteExample.app */,
			);
			name = Products;
			sourceTree = "<group>";
		};
		B936CA94298950220048927C /* MVCQuoteExample */ = {
			isa = PBXGroup;
			children = (
				B936CAB0298954960048927C /* Service */,
				B936CAAB2989539A0048927C /* View */,
				B936CAAA298953910048927C /* ViewController */,
				B936CAA92989538C0048927C /* Model */,
				B936CA95298950220048927C /* AppDelegate.swift */,
				B936CA97298950220048927C /* SceneDelegate.swift */,
				B936CA9E298950230048927C /* Assets.xcassets */,
				B936CAA0298950230048927C /* LaunchScreen.storyboard */,
				B936CAA3298950230048927C /* Info.plist */,
			);
			path = MVCQuoteExample;
			sourceTree = "<group>";
		};
		B936CAA92989538C0048927C /* Model */ = {
			isa = PBXGroup;
			children = (
				B936CAAE298953BA0048927C /* QuoteModel.swift */,
			);
			path = Model;
			sourceTree = "<group>";
		};
		B936CAAA298953910048927C /* ViewController */ = {
			isa = PBXGroup;
			children = (
				B936CA99298950220048927C /* ViewController.swift */,
			);
			path = ViewController;
			sourceTree = "<group>";
		};
		B936CAAB2989539A0048927C /* View */ = {
			isa = PBXGroup;
			children = (
				B936CAAC298953AB0048927C /* QuoteView.swift */,
			);
			path = View;
			sourceTree = "<group>";
		};
		B936CAB0298954960048927C /* Service */ = {
			isa = PBXGroup;
			children = (
				B936CAB1298954A10048927C /* API.swift */,
			);
			path = Service;
			sourceTree = "<group>";
		};
/* End PBXGroup section */

/* Begin PBXNativeTarget section */
		B936CA91298950220048927C /* MVCQuoteExample */ = {
			isa = PBXNativeTarget;
			buildConfigurationList = B936CAA6298950230048927C /* Build configuration list for PBXNativeTarget "MVCQuoteExample" */;
			buildPhases = (
				B936CA8E298950220048927C /* Sources */,
				B936CA8F298950220048927C /* Frameworks */,
				B936CA90298950220048927C /* Resources */,
			);
			buildRules = (
			);
			dependencies = (
			);
			name = MVCQuoteExample;
			productName = MVCQuoteExample;
			productReference = B936CA92298950220048927C /* MVCQuoteExample.app */;
			productType = "com.apple.product-type.application";
		};
/* End PBXNativeTarget section */

/* Begin PBXProject section */
		B936CA8A298950220048927C /* Project object */ = {
			isa = PBXProject;
			attributes = {
				BuildIndependentTargetsInParallel = 1;
				LastSwiftUpdateCheck = 1420;
				LastUpgradeCheck = 1420;
				TargetAttributes = {
					B936CA91298950220048927C = {
						CreatedOnToolsVersion = 14.2;
					};
				};
			};
			buildConfigurationList = B936CA8D298950220048927C /* Build configuration list for PBXProject "MVCQuoteExample" */;
			compatibilityVersion = "Xcode 14.0";
			developmentRegion = en;
			hasScannedForEncodings = 0;
			knownRegions = (
				en,
				Base,
			);
			mainGroup = B936CA89298950220048927C;
			productRefGroup = B936CA93298950220048927C /* Products */;
			projectDirPath = "";
			projectRoot = "";
			targets = (
				B936CA91298950220048927C /* MVCQuoteExample */,
			);
		};
/* End PBXProject section */

/* Begin PBXResourcesBuildPhase section */
		B936CA90298950220048927C /* Resources */ = {
			isa = PBXResourcesBuildPhase;
			buildActionMask = 2147483647;
			files = (
				B936CAA2298950230048927C /* LaunchScreen.storyboard in Resources */,
				B936CA9F298950230048927C /* Assets.xcassets in Resources */,
			);
			runOnlyForDeploymentPostprocessing = 0;
		};
/* End PBXResourcesBuildPhase section */

/* Begin PBXSourcesBuildPhase section */
		B936CA8E298950220048927C /* Sources */ = {
			isa = PBXSourcesBuildPhase;
			buildActionMask = 2147483647;
			files = (
				B936CA9A298950220048927C /* ViewController.swift in Sources */,
				B936CA96298950220048927C /* AppDelegate.swift in Sources */,
				B936CA98298950220048927C /* SceneDelegate.swift in Sources */,
				B936CAAF298953BA0048927C /* QuoteModel.swift in Sources */,
				B936CAB2298954A10048927C /* API.swift in Sources */,
				B936CAAD298953AB0048927C /* QuoteView.swift in Sources */,
			);
			runOnlyForDeploymentPostprocessing = 0;
		};
/* End PBXSourcesBuildPhase section */

/* Begin PBXVariantGroup section */
		B936CAA0298950230048927C /* LaunchScreen.storyboard */ = {
			isa = PBXVariantGroup;
			children = (
				B936CAA1298950230048927C /* Base */,
			);
			name = LaunchScreen.storyboard;
			sourceTree = "<group>";
		};
/* End PBXVariantGroup section */

/* Begin XCBuildConfiguration section */
		B936CAA4298950230048927C /* Debug */ = {
			isa = XCBuildConfiguration;
			buildSettings = {
				ALWAYS_SEARCH_USER_PATHS = NO;
				CLANG_ANALYZER_NONNULL = YES;
				CLANG_ANALYZER_NUMBER_OBJECT_CONVERSION = YES_AGGRESSIVE;
				CLANG_CXX_LANGUAGE_STANDARD = "gnu++20";
				CLANG_ENABLE_MODULES = YES;
				CLANG_ENABLE_OBJC_ARC = YES;
				CLANG_ENABLE_OBJC_WEAK = YES;
				CLANG_WARN_BLOCK_CAPTURE_AUTORELEASING = YES;
				CLANG_WARN_BOOL_CONVERSION = YES;
				CLANG_WARN_COMMA = YES;
				CLANG_WARN_CONSTANT_CONVERSION = YES;
				CLANG_WARN_DEPRECATED_OBJC_IMPLEMENTATIONS = YES;
				CLANG_WARN_DIRECT_OBJC_ISA_USAGE = YES_ERROR;
				CLANG_WARN_DOCUMENTATION_COMMENTS = YES;
				CLANG_WARN_EMPTY_BODY = YES;
				CLANG_WARN_ENUM_CONVERSION = YES;
				CLANG_WARN_INFINITE_RECURSION = YES;
				CLANG_WARN_INT_CONVERSION = YES;
				CLANG_WARN_NON_LITERAL_NULL_CONVERSION = YES;
				CLANG_WARN_OBJC_IMPLICIT_RETAIN_SELF = YES;
				CLANG_WARN_OBJC_LITERAL_CONVERSION = YES;
				CLANG_WARN_OBJC_ROOT_CLASS = YES_ERROR;
				CLANG_WARN_QUOTED_INCLUDE_IN_FRAMEWORK_HEADER = YES;
				CLANG_WARN_RANGE_LOOP_ANALYSIS = YES;
				CLANG_WARN_STRICT_PROTOTYPES = YES;
				CLANG_WARN_SUSPICIOUS_MOVE = YES;
				CLANG_WARN_UNGUARDED_AVAILABILITY = YES_AGGRESSIVE;
				CLANG_WARN_UNREACHABLE_CODE = YES;
				CLANG_WARN__DUPLICATE_METHOD_MATCH = YES;
				COPY_PHASE_STRIP = NO;
				DEBUG_INFORMATION_FORMAT = dwarf;
				ENABLE_STRICT_OBJC_MSGSEND = YES;
				ENABLE_TESTABILITY = YES;
				GCC_C_LANGUAGE_STANDARD = gnu11;
				GCC_DYNAMIC_NO_PIC = NO;
				GCC_NO_COMMON_BLOCKS = YES;
				GCC_OPTIMIZATION_LEVEL = 0;
				GCC_PREPROCESSOR_DEFINITIONS = (
					"DEBUG=1",
					"$(inherited)",
				);
				GCC_WARN_64_TO_32_BIT_CONVERSION = YES;
				GCC_WARN_ABOUT_RETURN_TYPE = YES_ERROR;
				GCC_WARN_UNDECLARED_SELECTOR = YES;
				GCC_WARN_UNINITIALIZED_AUTOS = YES_AGGRESSIVE;
				GCC_WARN_UNUSED_FUNCTION = YES;
				GCC_WARN_UNUSED_VARIABLE = YES;
				IPHONEOS_DEPLOYMENT_TARGET = 16.2;
				MTL_ENABLE_DEBUG_INFO = INCLUDE_SOURCE;
				MTL_FAST_MATH = YES;
				ONLY_ACTIVE_ARCH = YES;
				SDKROOT = iphoneos;
				SWIFT_ACTIVE_COMPILATION_CONDITIONS = DEBUG;
				SWIFT_OPTIMIZATION_LEVEL = "-Onone";
			};
			name = Debug;
		};
		B936CAA5298950230048927C /* Release */ = {
			isa = XCBuildConfiguration;
			buildSettings = {
				ALWAYS_SEARCH_USER_PATHS = NO;
				CLANG_ANALYZER_NONNULL = YES;
				CLANG_ANALYZER_NUMBER_OBJECT_CONVERSION = YES_AGGRESSIVE;
				CLANG_CXX_LANGUAGE_STANDARD = "gnu++20";
				CLANG_ENABLE_MODULES = YES;
				CLANG_ENABLE_OBJC_ARC = YES;
				CLANG_ENABLE_OBJC_WEAK = YES;
				CLANG_WARN_BLOCK_CAPTURE_AUTORELEASING = YES;
				CLANG_WARN_BOOL_CONVERSION = YES;
				CLANG_WARN_COMMA = YES;
				CLANG_WARN_CONSTANT_CONVERSION = YES;
				CLANG_WARN_DEPRECATED_OBJC_IMPLEMENTATIONS = YES;
				CLANG_WARN_DIRECT_OBJC_ISA_USAGE = YES_ERROR;
				CLANG_WARN_DOCUMENTATION_COMMENTS = YES;
				CLANG_WARN_EMPTY_BODY = YES;
				CLANG_WARN_ENUM_CONVERSION = YES;
				CLANG_WARN_INFINITE_RECURSION = YES;
				CLANG_WARN_INT_CONVERSION = YES;
				CLANG_WARN_NON_LITERAL_NULL_CONVERSION = YES;
				CLANG_WARN_OBJC_IMPLICIT_RETAIN_SELF = YES;
				CLANG_WARN_OBJC_LITERAL_CONVERSION = YES;
				CLANG_WARN_OBJC_ROOT_CLASS = YES_ERROR;
				CLANG_WARN_QUOTED_INCLUDE_IN_FRAMEWORK_HEADER = YES;
				CLANG_WARN_RANGE_LOOP_ANALYSIS = YES;
				CLANG_WARN_STRICT_PROTOTYPES = YES;
				CLANG_WARN_SUSPICIOUS_MOVE = YES;
				CLANG_WARN_UNGUARDED_AVAILABILITY = YES_AGGRESSIVE;
				CLANG_WARN_UNREACHABLE_CODE = YES;
				CLANG_WARN__DUPLICATE_METHOD_MATCH = YES;
				COPY_PHASE_STRIP = NO;
				DEBUG_INFORMATION_FORMAT = "dwarf-with-dsym";
				ENABLE_NS_ASSERTIONS = NO;
				ENABLE_STRICT_OBJC_MSGSEND = YES;
				GCC_C_LANGUAGE_STANDARD = gnu11;
				GCC_NO_COMMON_BLOCKS = YES;
				GCC_WARN_64_TO_32_BIT_CONVERSION = YES;
				GCC_WARN_ABOUT_RETURN_TYPE = YES_ERROR;
				GCC_WARN_UNDECLARED_SELECTOR = YES;
				GCC_WARN_UNINITIALIZED_AUTOS = YES_AGGRESSIVE;
				GCC_WARN_UNUSED_FUNCTION = YES;
				GCC_WARN_UNUSED_VARIABLE = YES;
				IPHONEOS_DEPLOYMENT_TARGET = 16.2;
				MTL_ENABLE_DEBUG_INFO = NO;
				MTL_FAST_MATH = YES;
				SDKROOT = iphoneos;
				SWIFT_COMPILATION_MODE = wholemodule;
				SWIFT_OPTIMIZATION_LEVEL = "-O";
				VALIDATE_PRODUCT = YES;
			};
			name = Release;
		};
		B936CAA7298950230048927C /* Debug */ = {
			isa = XCBuildConfiguration;
			buildSettings = {
				ASSETCATALOG_COMPILER_APPICON_NAME = AppIcon;
				ASSETCATALOG_COMPILER_GLOBAL_ACCENT_COLOR_NAME = AccentColor;
				CODE_SIGN_STYLE = Automatic;
				CURRENT_PROJECT_VERSION = 1;
				DEVELOPMENT_TEAM = 949BRFMFQG;
				GENERATE_INFOPLIST_FILE = YES;
				INFOPLIST_FILE = MVCQuoteExample/Info.plist;
				INFOPLIST_KEY_CFBundleDisplayName = POC;
				INFOPLIST_KEY_UIApplicationSupportsIndirectInputEvents = YES;
				INFOPLIST_KEY_UILaunchStoryboardName = LaunchScreen;
				INFOPLIST_KEY_UISupportedInterfaceOrientations_iPad = "UIInterfaceOrientationPortrait UIInterfaceOrientationPortraitUpsideDown UIInterfaceOrientationLandscapeLeft UIInterfaceOrientationLandscapeRight";
				INFOPLIST_KEY_UISupportedInterfaceOrientations_iPhone = "UIInterfaceOrientationPortrait UIInterfaceOrientationLandscapeLeft UIInterfaceOrientationLandscapeRight";
				LD_RUNPATH_SEARCH_PATHS = (
					"$(inherited)",
					"@executable_path/Frameworks",
				);
				MARKETING_VERSION = 1.0;
				PRODUCT_BUNDLE_IDENTIFIER = com.ifce.academy.MVCQuoteExample;
				PRODUCT_NAME = "$(TARGET_NAME)";
				SWIFT_EMIT_LOC_STRINGS = YES;
				SWIFT_VERSION = 5.0;
				TARGETED_DEVICE_FAMILY = "1,2";
			};
			name = Debug;
		};
		B936CAA8298950230048927C /* Release */ = {
			isa = XCBuildConfiguration;
			buildSettings = {
				ASSETCATALOG_COMPILER_APPICON_NAME = AppIcon;
				ASSETCATALOG_COMPILER_GLOBAL_ACCENT_COLOR_NAME = AccentColor;
				CODE_SIGN_STYLE = Automatic;
				CURRENT_PROJECT_VERSION = 1;
				DEVELOPMENT_TEAM = 949BRFMFQG;
				GENERATE_INFOPLIST_FILE = YES;
				INFOPLIST_FILE = MVCQuoteExample/Info.plist;
				INFOPLIST_KEY_CFBundleDisplayName = POC;
				INFOPLIST_KEY_UIApplicationSupportsIndirectInputEvents = YES;
				INFOPLIST_KEY_UILaunchStoryboardName = LaunchScreen;
				INFOPLIST_KEY_UISupportedInterfaceOrientations_iPad = "UIInterfaceOrientationPortrait UIInterfaceOrientationPortraitUpsideDown UIInterfaceOrientationLandscapeLeft UIInterfaceOrientationLandscapeRight";
				INFOPLIST_KEY_UISupportedInterfaceOrientations_iPhone = "UIInterfaceOrientationPortrait UIInterfaceOrientationLandscapeLeft UIInterfaceOrientationLandscapeRight";
				LD_RUNPATH_SEARCH_PATHS = (
					"$(inherited)",
					"@executable_path/Frameworks",
				);
				MARKETING_VERSION = 1.0;
				PRODUCT_BUNDLE_IDENTIFIER = com.ifce.academy.MVCQuoteExample;
				PRODUCT_NAME = "$(TARGET_NAME)";
				SWIFT_EMIT_LOC_STRINGS = YES;
				SWIFT_VERSION = 5.0;
				TARGETED_DEVICE_FAMILY = "1,2";
			};
			name = Release;
		};
/* End XCBuildConfiguration section */

/* Begin XCConfigurationList section */
		B936CA8D298950220048927C /* Build configuration list for PBXProject "MVCQuoteExample" */ = {
			isa = XCConfigurationList;
			buildConfigurations = (
				B936CAA4298950230048927C /* Debug */,
				B936CAA5298950230048927C /* Release */,
			);
			defaultConfigurationIsVisible = 0;
			defaultConfigurationName = Release;
		};
		B936CAA6298950230048927C /* Build configuration list for PBXNativeTarget "MVCQuoteExample" */ = {
			isa = XCConfigurationList;
			buildConfigurations = (
				B936CAA7298950230048927C /* Debug */,
				B936CAA8298950230048927C /* Release */,
			);
			defaultConfigurationIsVisible = 0;
			defaultConfigurationName = Release;
		};
/* End XCConfigurationList section */
	};
	rootObject = B936CA8A298950220048927C /* Project object */;
}
